
Microsoft Visual Studio Solution File, Format Version 12.00
# Visual Studio Version 16
VisualStudioVersion = 16.0.30309.148
MinimumVisualStudioVersion = 10.0.40219.1
Project("{9A19103F-16F7-4668-BE54-9A1E7A4F7556}") = "C_task_02", "C_task_02.csproj", "{3F22D692-C78B-4C70-974E-553C2A14A7AA}"
EndProject
Project("{FAE04EC0-301F-11D3-BF4B-00C04F79EFBC}") = "C_task_02_Test", "C_task_02_Test\C_task_02_Test.csproj", "{CF729CDB-9533-450C-959C-E66EA68AE7E1}"
EndProject
Global
	GlobalSection(SolutionConfigurationPlatforms) = preSolution
		Debug|Any CPU = Debug|Any CPU
		Release|Any CPU = Release|Any CPU
	EndGlobalSection
	GlobalSection(ProjectConfigurationPlatforms) = postSolution
		{3F22D692-C78B-4C70-974E-553C2A14A7AA}.Debug|Any CPU.ActiveCfg = Debug|Any CPU
		{3F22D692-C78B-4C70-974E-553C2A14A7AA}.Debug|Any CPU.Build.0 = Debug|Any CPU
		{3F22D692-C78B-4C70-974E-553C2A14A7AA}.Release|Any CPU.ActiveCfg = Release|Any CPU
		{3F22D692-C78B-4C70-974E-553C2A14A7AA}.Release|Any CPU.Build.0 = Release|Any CPU
		{CF729CDB-9533-450C-959C-E66EA68AE7E1}.Debug|Any CPU.ActiveCfg = Debug|Any CPU
		{CF729CDB-9533-450C-959C-E66EA68AE7E1}.Debug|Any CPU.Build.0 = Debug|Any CPU
		{CF729CDB-9533-450C-959C-E66EA68AE7E1}.Release|Any CPU.ActiveCfg = Release|Any CPU
		{CF729CDB-9533-450C-959C-E66EA68AE7E1}.Release|Any CPU.Build.0 = Release|Any CPU
	EndGlobalSection
	GlobalSection(SolutionProperties) = preSolution
		HideSolutionNode = FALSE
	EndGlobalSection
	GlobalSection(ExtensibilityGlobals) = postSolution
		SolutionGuid = {4AC35DBB-100E-4880-9AD4-1AE38A03DD16}
	EndGlobalSection
EndGlobal
